// !$*UTF8*$!
{
	archiveVersion = 1;
	classes = {
	};
	objectVersion = 56;
	objects = {

/* Begin PBXBuildFile section */
		163D1D082BFCC15400F82700 /* RealityKitContent in Frameworks */ = {isa = PBXBuildFile; productRef = 163D1D072BFCC15400F82700 /* RealityKitContent */; };
		163D1D0C2BFCC15400F82700 /* FeedView.swift in Sources */ = {isa = PBXBuildFile; fileRef = 163D1D0B2BFCC15400F82700 /* FeedView.swift */; };
		163D1D0E2BFCC15600F82700 /* Assets.xcassets in Resources */ = {isa = PBXBuildFile; fileRef = 163D1D0D2BFCC15600F82700 /* Assets.xcassets */; };
		163D1D112BFCC15600F82700 /* Preview Assets.xcassets in Resources */ = {isa = PBXBuildFile; fileRef = 163D1D102BFCC15600F82700 /* Preview Assets.xcassets */; };
		163D1D1C2BFCC15600F82700 /* pokedexTests.swift in Sources */ = {isa = PBXBuildFile; fileRef = 163D1D1B2BFCC15600F82700 /* pokedexTests.swift */; };
		163D1D382BFCCC2100F82700 /* BuilderProtocol.swift in Sources */ = {isa = PBXBuildFile; fileRef = 163D1D2D2BFCCC2100F82700 /* BuilderProtocol.swift */; };
		163D1D392BFCCC2100F82700 /* HttpVerb.swift in Sources */ = {isa = PBXBuildFile; fileRef = 163D1D2E2BFCCC2100F82700 /* HttpVerb.swift */; };
		163D1D3B2BFCCC2100F82700 /* RequestError.swift in Sources */ = {isa = PBXBuildFile; fileRef = 163D1D302BFCCC2100F82700 /* RequestError.swift */; };
		163D1D3C2BFCCC2100F82700 /* RequestProtocol.swift in Sources */ = {isa = PBXBuildFile; fileRef = 163D1D312BFCCC2100F82700 /* RequestProtocol.swift */; };
		163D1D3D2BFCCC2100F82700 /* ServiceProtocol.swift in Sources */ = {isa = PBXBuildFile; fileRef = 163D1D322BFCCC2100F82700 /* ServiceProtocol.swift */; };
		163D1D402BFCCD1700F82700 /* Service.swift in Sources */ = {isa = PBXBuildFile; fileRef = 163D1D3E2BFCCD1600F82700 /* Service.swift */; };
		163D1D412BFCCD1700F82700 /* RequestProvider.swift in Sources */ = {isa = PBXBuildFile; fileRef = 163D1D3F2BFCCD1600F82700 /* RequestProvider.swift */; };
		165ABCEC2BFD4B88007F233C /* AppDelegate.swift in Sources */ = {isa = PBXBuildFile; fileRef = 165ABCEB2BFD4B88007F233C /* AppDelegate.swift */; };
		165ABCEE2BFD4B9C007F233C /* SceneDelegate.swift in Sources */ = {isa = PBXBuildFile; fileRef = 165ABCED2BFD4B9C007F233C /* SceneDelegate.swift */; };
		16F1D85C2BFCEBD700C61AA8 /* SDWebImageSwiftUI in Frameworks */ = {isa = PBXBuildFile; productRef = 16F1D85B2BFCEBD700C61AA8 /* SDWebImageSwiftUI */; };
/* End PBXBuildFile section */

/* Begin PBXContainerItemProxy section */
		163D1D182BFCC15600F82700 /* PBXContainerItemProxy */ = {
			isa = PBXContainerItemProxy;
			containerPortal = 163D1CFA2BFCC15400F82700 /* Project object */;
			proxyType = 1;
			remoteGlobalIDString = 163D1D012BFCC15400F82700;
			remoteInfo = pokedex;
		};
/* End PBXContainerItemProxy section */

/* Begin PBXFileReference section */
		163D1D022BFCC15400F82700 /* pokedex.app */ = {isa = PBXFileReference; explicitFileType = wrapper.application; includeInIndex = 0; path = pokedex.app; sourceTree = BUILT_PRODUCTS_DIR; };
		163D1D062BFCC15400F82700 /* RealityKitContent */ = {isa = PBXFileReference; lastKnownFileType = wrapper; path = RealityKitContent; sourceTree = "<group>"; };
		163D1D0B2BFCC15400F82700 /* FeedView.swift */ = {isa = PBXFileReference; lastKnownFileType = sourcecode.swift; path = FeedView.swift; sourceTree = "<group>"; };
		163D1D0D2BFCC15600F82700 /* Assets.xcassets */ = {isa = PBXFileReference; lastKnownFileType = folder.assetcatalog; path = Assets.xcassets; sourceTree = "<group>"; };
		163D1D102BFCC15600F82700 /* Preview Assets.xcassets */ = {isa = PBXFileReference; lastKnownFileType = folder.assetcatalog; path = "Preview Assets.xcassets"; sourceTree = "<group>"; };
		163D1D122BFCC15600F82700 /* Info.plist */ = {isa = PBXFileReference; lastKnownFileType = text.plist.xml; path = Info.plist; sourceTree = "<group>"; };
		163D1D172BFCC15600F82700 /* pokedexTests.xctest */ = {isa = PBXFileReference; explicitFileType = wrapper.cfbundle; includeInIndex = 0; path = pokedexTests.xctest; sourceTree = BUILT_PRODUCTS_DIR; };
		163D1D1B2BFCC15600F82700 /* pokedexTests.swift */ = {isa = PBXFileReference; lastKnownFileType = sourcecode.swift; path = pokedexTests.swift; sourceTree = "<group>"; };
		163D1D2D2BFCCC2100F82700 /* BuilderProtocol.swift */ = {isa = PBXFileReference; fileEncoding = 4; lastKnownFileType = sourcecode.swift; path = BuilderProtocol.swift; sourceTree = "<group>"; };
		163D1D2E2BFCCC2100F82700 /* HttpVerb.swift */ = {isa = PBXFileReference; fileEncoding = 4; lastKnownFileType = sourcecode.swift; path = HttpVerb.swift; sourceTree = "<group>"; };
		163D1D302BFCCC2100F82700 /* RequestError.swift */ = {isa = PBXFileReference; fileEncoding = 4; lastKnownFileType = sourcecode.swift; path = RequestError.swift; sourceTree = "<group>"; };
		163D1D312BFCCC2100F82700 /* RequestProtocol.swift */ = {isa = PBXFileReference; fileEncoding = 4; lastKnownFileType = sourcecode.swift; path = RequestProtocol.swift; sourceTree = "<group>"; };
		163D1D322BFCCC2100F82700 /* ServiceProtocol.swift */ = {isa = PBXFileReference; fileEncoding = 4; lastKnownFileType = sourcecode.swift; path = ServiceProtocol.swift; sourceTree = "<group>"; };
		163D1D3E2BFCCD1600F82700 /* Service.swift */ = {isa = PBXFileReference; fileEncoding = 4; lastKnownFileType = sourcecode.swift; path = Service.swift; sourceTree = "<group>"; };
		163D1D3F2BFCCD1600F82700 /* RequestProvider.swift */ = {isa = PBXFileReference; fileEncoding = 4; lastKnownFileType = sourcecode.swift; path = RequestProvider.swift; sourceTree = "<group>"; };
		165ABCEB2BFD4B88007F233C /* AppDelegate.swift */ = {isa = PBXFileReference; lastKnownFileType = sourcecode.swift; path = AppDelegate.swift; sourceTree = "<group>"; };
		165ABCED2BFD4B9C007F233C /* SceneDelegate.swift */ = {isa = PBXFileReference; lastKnownFileType = sourcecode.swift; path = SceneDelegate.swift; sourceTree = "<group>"; };
/* End PBXFileReference section */

/* Begin PBXFrameworksBuildPhase section */
		163D1CFF2BFCC15400F82700 /* Frameworks */ = {
			isa = PBXFrameworksBuildPhase;
			buildActionMask = 2147483647;
			files = (
				16F1D85C2BFCEBD700C61AA8 /* SDWebImageSwiftUI in Frameworks */,
				163D1D082BFCC15400F82700 /* RealityKitContent in Frameworks */,
			);
			runOnlyForDeploymentPostprocessing = 0;
		};
		163D1D142BFCC15600F82700 /* Frameworks */ = {
			isa = PBXFrameworksBuildPhase;
			buildActionMask = 2147483647;
			files = (
			);
			runOnlyForDeploymentPostprocessing = 0;
		};
/* End PBXFrameworksBuildPhase section */

/* Begin PBXGroup section */
		163D1CF92BFCC15400F82700 = {
			isa = PBXGroup;
			children = (
				163D1D042BFCC15400F82700 /* pokedex */,
				163D1D052BFCC15400F82700 /* Packages */,
				163D1D1A2BFCC15600F82700 /* pokedexTests */,
				163D1D032BFCC15400F82700 /* Products */,
				16F1D85A2BFCEBD700C61AA8 /* Frameworks */,
			);
			sourceTree = "<group>";
		};
		163D1D032BFCC15400F82700 /* Products */ = {
			isa = PBXGroup;
			children = (
				163D1D022BFCC15400F82700 /* pokedex.app */,
				163D1D172BFCC15600F82700 /* pokedexTests.xctest */,
			);
			name = Products;
			sourceTree = "<group>";
		};
		163D1D042BFCC15400F82700 /* pokedex */ = {
			isa = PBXGroup;
			children = (
				16F1D8542BFCDEC200C61AA8 /* Scene */,
				163D1D332BFCCC2100F82700 /* Network */,
				163D1D0D2BFCC15600F82700 /* Assets.xcassets */,
				163D1D122BFCC15600F82700 /* Info.plist */,
				163D1D0F2BFCC15600F82700 /* Preview Content */,
				165ABCEB2BFD4B88007F233C /* AppDelegate.swift */,
				165ABCED2BFD4B9C007F233C /* SceneDelegate.swift */,
			);
			path = pokedex;
			sourceTree = "<group>";
		};
		163D1D052BFCC15400F82700 /* Packages */ = {
			isa = PBXGroup;
			children = (
				163D1D062BFCC15400F82700 /* RealityKitContent */,
			);
			path = Packages;
			sourceTree = "<group>";
		};
		163D1D0F2BFCC15600F82700 /* Preview Content */ = {
			isa = PBXGroup;
			children = (
				163D1D102BFCC15600F82700 /* Preview Assets.xcassets */,
			);
			path = "Preview Content";
			sourceTree = "<group>";
		};
		163D1D1A2BFCC15600F82700 /* pokedexTests */ = {
			isa = PBXGroup;
			children = (
				163D1D1B2BFCC15600F82700 /* pokedexTests.swift */,
			);
			path = pokedexTests;
			sourceTree = "<group>";
		};
		163D1D332BFCCC2100F82700 /* Network */ = {
			isa = PBXGroup;
			children = (
				163D1D3F2BFCCD1600F82700 /* RequestProvider.swift */,
				163D1D3E2BFCCD1600F82700 /* Service.swift */,
				163D1D2D2BFCCC2100F82700 /* BuilderProtocol.swift */,
				163D1D2E2BFCCC2100F82700 /* HttpVerb.swift */,
				163D1D302BFCCC2100F82700 /* RequestError.swift */,
				163D1D312BFCCC2100F82700 /* RequestProtocol.swift */,
				163D1D322BFCCC2100F82700 /* ServiceProtocol.swift */,
			);
			path = Network;
			sourceTree = "<group>";
		};
		16F1D8542BFCDEC200C61AA8 /* Scene */ = {
			isa = PBXGroup;
			children = (
				16F1D8552BFCDECE00C61AA8 /* Feed */,
			);
			path = Scene;
			sourceTree = "<group>";
		};
		16F1D8552BFCDECE00C61AA8 /* Feed */ = {
			isa = PBXGroup;
			children = (
				163D1D0B2BFCC15400F82700 /* FeedView.swift */,
			);
			path = Feed;
			sourceTree = "<group>";
		};
		16F1D85A2BFCEBD700C61AA8 /* Frameworks */ = {
			isa = PBXGroup;
			children = (
			);
			name = Frameworks;
			sourceTree = "<group>";
		};
/* End PBXGroup section */

/* Begin PBXNativeTarget section */
		163D1D012BFCC15400F82700 /* pokedex */ = {
			isa = PBXNativeTarget;
			buildConfigurationList = 163D1D1F2BFCC15600F82700 /* Build configuration list for PBXNativeTarget "pokedex" */;
			buildPhases = (
				163D1CFE2BFCC15400F82700 /* Sources */,
				163D1CFF2BFCC15400F82700 /* Frameworks */,
				163D1D002BFCC15400F82700 /* Resources */,
			);
			buildRules = (
			);
			dependencies = (
			);
			name = pokedex;
			packageProductDependencies = (
				163D1D072BFCC15400F82700 /* RealityKitContent */,
				16F1D85B2BFCEBD700C61AA8 /* SDWebImageSwiftUI */,
			);
			productName = pokedex;
			productReference = 163D1D022BFCC15400F82700 /* pokedex.app */;
			productType = "com.apple.product-type.application";
		};
		163D1D162BFCC15600F82700 /* pokedexTests */ = {
			isa = PBXNativeTarget;
			buildConfigurationList = 163D1D222BFCC15600F82700 /* Build configuration list for PBXNativeTarget "pokedexTests" */;
			buildPhases = (
				163D1D132BFCC15600F82700 /* Sources */,
				163D1D142BFCC15600F82700 /* Frameworks */,
				163D1D152BFCC15600F82700 /* Resources */,
			);
			buildRules = (
			);
			dependencies = (
				163D1D192BFCC15600F82700 /* PBXTargetDependency */,
			);
			name = pokedexTests;
			productName = pokedexTests;
			productReference = 163D1D172BFCC15600F82700 /* pokedexTests.xctest */;
			productType = "com.apple.product-type.bundle.unit-test";
		};
/* End PBXNativeTarget section */

/* Begin PBXProject section */
		163D1CFA2BFCC15400F82700 /* Project object */ = {
			isa = PBXProject;
			attributes = {
				BuildIndependentTargetsInParallel = 1;
				LastSwiftUpdateCheck = 1530;
				LastUpgradeCheck = 1530;
				TargetAttributes = {
					163D1D012BFCC15400F82700 = {
						CreatedOnToolsVersion = 15.3;
					};
					163D1D162BFCC15600F82700 = {
						CreatedOnToolsVersion = 15.3;
						TestTargetID = 163D1D012BFCC15400F82700;
					};
				};
			};
			buildConfigurationList = 163D1CFD2BFCC15400F82700 /* Build configuration list for PBXProject "pokedex" */;
			compatibilityVersion = "Xcode 14.0";
			developmentRegion = en;
			hasScannedForEncodings = 0;
			knownRegions = (
				en,
				Base,
				"pt-BR",
			);
			mainGroup = 163D1CF92BFCC15400F82700;
			packageReferences = (
				16F1D8592BFCEB5100C61AA8 /* XCRemoteSwiftPackageReference "SDWebImageSwiftUI" */,
			);
			productRefGroup = 163D1D032BFCC15400F82700 /* Products */;
			projectDirPath = "";
			projectRoot = "";
			targets = (
				163D1D012BFCC15400F82700 /* pokedex */,
				163D1D162BFCC15600F82700 /* pokedexTests */,
			);
		};
/* End PBXProject section */

/* Begin PBXResourcesBuildPhase section */
		163D1D002BFCC15400F82700 /* Resources */ = {
			isa = PBXResourcesBuildPhase;
			buildActionMask = 2147483647;
			files = (
				163D1D112BFCC15600F82700 /* Preview Assets.xcassets in Resources */,
				163D1D0E2BFCC15600F82700 /* Assets.xcassets in Resources */,
			);
			runOnlyForDeploymentPostprocessing = 0;
		};
		163D1D152BFCC15600F82700 /* Resources */ = {
			isa = PBXResourcesBuildPhase;
			buildActionMask = 2147483647;
			files = (
			);
			runOnlyForDeploymentPostprocessing = 0;
		};
/* End PBXResourcesBuildPhase section */

/* Begin PBXSourcesBuildPhase section */
		163D1CFE2BFCC15400F82700 /* Sources */ = {
			isa = PBXSourcesBuildPhase;
			buildActionMask = 2147483647;
			files = (
				163D1D3B2BFCCC2100F82700 /* RequestError.swift in Sources */,
				163D1D3D2BFCCC2100F82700 /* ServiceProtocol.swift in Sources */,
				163D1D402BFCCD1700F82700 /* Service.swift in Sources */,
				163D1D392BFCCC2100F82700 /* HttpVerb.swift in Sources */,
				163D1D382BFCCC2100F82700 /* BuilderProtocol.swift in Sources */,
				163D1D412BFCCD1700F82700 /* RequestProvider.swift in Sources */,
				163D1D3C2BFCCC2100F82700 /* RequestProtocol.swift in Sources */,
				165ABCEE2BFD4B9C007F233C /* SceneDelegate.swift in Sources */,
				163D1D0C2BFCC15400F82700 /* FeedView.swift in Sources */,
				165ABCEC2BFD4B88007F233C /* AppDelegate.swift in Sources */,
			);
			runOnlyForDeploymentPostprocessing = 0;
		};
		163D1D132BFCC15600F82700 /* Sources */ = {
			isa = PBXSourcesBuildPhase;
			buildActionMask = 2147483647;
			files = (
				163D1D1C2BFCC15600F82700 /* pokedexTests.swift in Sources */,
			);
			runOnlyForDeploymentPostprocessing = 0;
		};
/* End PBXSourcesBuildPhase section */

/* Begin PBXTargetDependency section */
		163D1D192BFCC15600F82700 /* PBXTargetDependency */ = {
			isa = PBXTargetDependency;
			target = 163D1D012BFCC15400F82700 /* pokedex */;
			targetProxy = 163D1D182BFCC15600F82700 /* PBXContainerItemProxy */;
		};
/* End PBXTargetDependency section */

/* Begin XCBuildConfiguration section */
		163D1D1D2BFCC15600F82700 /* Debug */ = {
			isa = XCBuildConfiguration;
			buildSettings = {
				ALWAYS_SEARCH_USER_PATHS = NO;
				ASSETCATALOG_COMPILER_GENERATE_SWIFT_ASSET_SYMBOL_EXTENSIONS = YES;
				CLANG_ANALYZER_NONNULL = YES;
				CLANG_ANALYZER_NUMBER_OBJECT_CONVERSION = YES_AGGRESSIVE;
				CLANG_CXX_LANGUAGE_STANDARD = "gnu++20";
				CLANG_ENABLE_MODULES = YES;
				CLANG_ENABLE_OBJC_ARC = YES;
				CLANG_ENABLE_OBJC_WEAK = YES;
				CLANG_WARN_BLOCK_CAPTURE_AUTORELEASING = YES;
				CLANG_WARN_BOOL_CONVERSION = YES;
				CLANG_WARN_COMMA = YES;
				CLANG_WARN_CONSTANT_CONVERSION = YES;
				CLANG_WARN_DEPRECATED_OBJC_IMPLEMENTATIONS = YES;
				CLANG_WARN_DIRECT_OBJC_ISA_USAGE = YES_ERROR;
				CLANG_WARN_DOCUMENTATION_COMMENTS = YES;
				CLANG_WARN_EMPTY_BODY = YES;
				CLANG_WARN_ENUM_CONVERSION = YES;
				CLANG_WARN_INFINITE_RECURSION = YES;
				CLANG_WARN_INT_CONVERSION = YES;
				CLANG_WARN_NON_LITERAL_NULL_CONVERSION = YES;
				CLANG_WARN_OBJC_IMPLICIT_RETAIN_SELF = YES;
				CLANG_WARN_OBJC_LITERAL_CONVERSION = YES;
				CLANG_WARN_OBJC_ROOT_CLASS = YES_ERROR;
				CLANG_WARN_QUOTED_INCLUDE_IN_FRAMEWORK_HEADER = YES;
				CLANG_WARN_RANGE_LOOP_ANALYSIS = YES;
				CLANG_WARN_STRICT_PROTOTYPES = YES;
				CLANG_WARN_SUSPICIOUS_MOVE = YES;
				CLANG_WARN_UNGUARDED_AVAILABILITY = YES_AGGRESSIVE;
				CLANG_WARN_UNREACHABLE_CODE = YES;
				CLANG_WARN__DUPLICATE_METHOD_MATCH = YES;
				COPY_PHASE_STRIP = NO;
				DEBUG_INFORMATION_FORMAT = dwarf;
				ENABLE_STRICT_OBJC_MSGSEND = YES;
				ENABLE_TESTABILITY = YES;
				ENABLE_USER_SCRIPT_SANDBOXING = YES;
				GCC_C_LANGUAGE_STANDARD = gnu17;
				GCC_DYNAMIC_NO_PIC = NO;
				GCC_NO_COMMON_BLOCKS = YES;
				GCC_OPTIMIZATION_LEVEL = 0;
				GCC_PREPROCESSOR_DEFINITIONS = (
					"DEBUG=1",
					"$(inherited)",
				);
				GCC_WARN_64_TO_32_BIT_CONVERSION = YES;
				GCC_WARN_ABOUT_RETURN_TYPE = YES_ERROR;
				GCC_WARN_UNDECLARED_SELECTOR = YES;
				GCC_WARN_UNINITIALIZED_AUTOS = YES_AGGRESSIVE;
				GCC_WARN_UNUSED_FUNCTION = YES;
				GCC_WARN_UNUSED_VARIABLE = YES;
				LOCALIZATION_PREFERS_STRING_CATALOGS = YES;
				MTL_ENABLE_DEBUG_INFO = INCLUDE_SOURCE;
				MTL_FAST_MATH = YES;
				ONLY_ACTIVE_ARCH = YES;
				SDKROOT = xros;
				SWIFT_ACTIVE_COMPILATION_CONDITIONS = "DEBUG $(inherited)";
				SWIFT_OPTIMIZATION_LEVEL = "-Onone";
				XROS_DEPLOYMENT_TARGET = 1.1;
			};
			name = Debug;
		};
		163D1D1E2BFCC15600F82700 /* Release */ = {
			isa = XCBuildConfiguration;
			buildSettings = {
				ALWAYS_SEARCH_USER_PATHS = NO;
				ASSETCATALOG_COMPILER_GENERATE_SWIFT_ASSET_SYMBOL_EXTENSIONS = YES;
				CLANG_ANALYZER_NONNULL = YES;
				CLANG_ANALYZER_NUMBER_OBJECT_CONVERSION = YES_AGGRESSIVE;
				CLANG_CXX_LANGUAGE_STANDARD = "gnu++20";
				CLANG_ENABLE_MODULES = YES;
				CLANG_ENABLE_OBJC_ARC = YES;
				CLANG_ENABLE_OBJC_WEAK = YES;
				CLANG_WARN_BLOCK_CAPTURE_AUTORELEASING = YES;
				CLANG_WARN_BOOL_CONVERSION = YES;
				CLANG_WARN_COMMA = YES;
				CLANG_WARN_CONSTANT_CONVERSION = YES;
				CLANG_WARN_DEPRECATED_OBJC_IMPLEMENTATIONS = YES;
				CLANG_WARN_DIRECT_OBJC_ISA_USAGE = YES_ERROR;
				CLANG_WARN_DOCUMENTATION_COMMENTS = YES;
				CLANG_WARN_EMPTY_BODY = YES;
				CLANG_WARN_ENUM_CONVERSION = YES;
				CLANG_WARN_INFINITE_RECURSION = YES;
				CLANG_WARN_INT_CONVERSION = YES;
				CLANG_WARN_NON_LITERAL_NULL_CONVERSION = YES;
				CLANG_WARN_OBJC_IMPLICIT_RETAIN_SELF = YES;
				CLANG_WARN_OBJC_LITERAL_CONVERSION = YES;
				CLANG_WARN_OBJC_ROOT_CLASS = YES_ERROR;
				CLANG_WARN_QUOTED_INCLUDE_IN_FRAMEWORK_HEADER = YES;
				CLANG_WARN_RANGE_LOOP_ANALYSIS = YES;
				CLANG_WARN_STRICT_PROTOTYPES = YES;
				CLANG_WARN_SUSPICIOUS_MOVE = YES;
				CLANG_WARN_UNGUARDED_AVAILABILITY = YES_AGGRESSIVE;
				CLANG_WARN_UNREACHABLE_CODE = YES;
				CLANG_WARN__DUPLICATE_METHOD_MATCH = YES;
				COPY_PHASE_STRIP = NO;
				DEBUG_INFORMATION_FORMAT = "dwarf-with-dsym";
				ENABLE_NS_ASSERTIONS = NO;
				ENABLE_STRICT_OBJC_MSGSEND = YES;
				ENABLE_USER_SCRIPT_SANDBOXING = YES;
				GCC_C_LANGUAGE_STANDARD = gnu17;
				GCC_NO_COMMON_BLOCKS = YES;
				GCC_WARN_64_TO_32_BIT_CONVERSION = YES;
				GCC_WARN_ABOUT_RETURN_TYPE = YES_ERROR;
				GCC_WARN_UNDECLARED_SELECTOR = YES;
				GCC_WARN_UNINITIALIZED_AUTOS = YES_AGGRESSIVE;
				GCC_WARN_UNUSED_FUNCTION = YES;
				GCC_WARN_UNUSED_VARIABLE = YES;
				LOCALIZATION_PREFERS_STRING_CATALOGS = YES;
				MTL_ENABLE_DEBUG_INFO = NO;
				MTL_FAST_MATH = YES;
				SDKROOT = xros;
				SWIFT_COMPILATION_MODE = wholemodule;
				VALIDATE_PRODUCT = YES;
				XROS_DEPLOYMENT_TARGET = 1.1;
			};
			name = Release;
		};
		163D1D202BFCC15600F82700 /* Debug */ = {
			isa = XCBuildConfiguration;
			buildSettings = {
				ASSETCATALOG_COMPILER_APPICON_NAME = AppIcon;
				ASSETCATALOG_COMPILER_GLOBAL_ACCENT_COLOR_NAME = AccentColor;
				CODE_SIGN_STYLE = Automatic;
				CURRENT_PROJECT_VERSION = 1;
				DEVELOPMENT_ASSET_PATHS = "\"pokedex/Preview Content\"";
				ENABLE_PREVIEWS = YES;
				GENERATE_INFOPLIST_FILE = YES;
				INFOPLIST_FILE = "$(TARGET_NAME)/Info.plist";
				LD_RUNPATH_SEARCH_PATHS = (
					"$(inherited)",
					"@executable_path/Frameworks",
				);
				MARKETING_VERSION = 1.0;
				PRODUCT_BUNDLE_IDENTIFIER = com.callidus.pokedex;
				PRODUCT_NAME = "$(TARGET_NAME)";
				SUPPORTED_PLATFORMS = "xros xrsimulator";
				SWIFT_EMIT_LOC_STRINGS = YES;
				SWIFT_VERSION = 5.0;
				TARGETED_DEVICE_FAMILY = "1,2,7";
			};
			name = Debug;
		};
		163D1D212BFCC15600F82700 /* Release */ = {
			isa = XCBuildConfiguration;
			buildSettings = {
				ASSETCATALOG_COMPILER_APPICON_NAME = AppIcon;
				ASSETCATALOG_COMPILER_GLOBAL_ACCENT_COLOR_NAME = AccentColor;
				CODE_SIGN_STYLE = Automatic;
				CURRENT_PROJECT_VERSION = 1;
				DEVELOPMENT_ASSET_PATHS = "\"pokedex/Preview Content\"";
				ENABLE_PREVIEWS = YES;
				GENERATE_INFOPLIST_FILE = YES;
				INFOPLIST_FILE = "$(TARGET_NAME)/Info.plist";
				LD_RUNPATH_SEARCH_PATHS = (
					"$(inherited)",
					"@executable_path/Frameworks",
				);
				MARKETING_VERSION = 1.0;
				PRODUCT_BUNDLE_IDENTIFIER = com.callidus.pokedex;
				PRODUCT_NAME = "$(TARGET_NAME)";
				SUPPORTED_PLATFORMS = "xros xrsimulator";
				SWIFT_EMIT_LOC_STRINGS = YES;
				SWIFT_VERSION = 5.0;
				TARGETED_DEVICE_FAMILY = "1,2,7";
			};
			name = Release;
		};
		163D1D232BFCC15600F82700 /* Debug */ = {
			isa = XCBuildConfiguration;
			buildSettings = {
				ALWAYS_EMBED_SWIFT_STANDARD_LIBRARIES = YES;
				BUNDLE_LOADER = "$(TEST_HOST)";
				CODE_SIGN_STYLE = Automatic;
				CURRENT_PROJECT_VERSION = 1;
				GENERATE_INFOPLIST_FILE = YES;
				MARKETING_VERSION = 1.0;
				PRODUCT_BUNDLE_IDENTIFIER = com.callidus.pokedexTests;
				PRODUCT_NAME = "$(TARGET_NAME)";
				SUPPORTED_PLATFORMS = "xros xrsimulator";
				SWIFT_EMIT_LOC_STRINGS = NO;
				SWIFT_VERSION = 5.0;
				TARGETED_DEVICE_FAMILY = "1,2,7";
				TEST_HOST = "$(BUILT_PRODUCTS_DIR)/pokedex.app/$(BUNDLE_EXECUTABLE_FOLDER_PATH)/pokedex";
				XROS_DEPLOYMENT_TARGET = 1.1;
			};
			name = Debug;
		};
		163D1D242BFCC15600F82700 /* Release */ = {
			isa = XCBuildConfiguration;
			buildSettings = {
				ALWAYS_EMBED_SWIFT_STANDARD_LIBRARIES = YES;
				BUNDLE_LOADER = "$(TEST_HOST)";
				CODE_SIGN_STYLE = Automatic;
				CURRENT_PROJECT_VERSION = 1;
				GENERATE_INFOPLIST_FILE = YES;
				MARKETING_VERSION = 1.0;
				PRODUCT_BUNDLE_IDENTIFIER = com.callidus.pokedexTests;
				PRODUCT_NAME = "$(TARGET_NAME)";
				SUPPORTED_PLATFORMS = "xros xrsimulator";
				SWIFT_EMIT_LOC_STRINGS = NO;
				SWIFT_VERSION = 5.0;
				TARGETED_DEVICE_FAMILY = "1,2,7";
				TEST_HOST = "$(BUILT_PRODUCTS_DIR)/pokedex.app/$(BUNDLE_EXECUTABLE_FOLDER_PATH)/pokedex";
				XROS_DEPLOYMENT_TARGET = 1.1;
			};
			name = Release;
		};
/* End XCBuildConfiguration section */

/* Begin XCConfigurationList section */
		163D1CFD2BFCC15400F82700 /* Build configuration list for PBXProject "pokedex" */ = {
			isa = XCConfigurationList;
			buildConfigurations = (
				163D1D1D2BFCC15600F82700 /* Debug */,
				163D1D1E2BFCC15600F82700 /* Release */,
			);
			defaultConfigurationIsVisible = 0;
			defaultConfigurationName = Release;
		};
		163D1D1F2BFCC15600F82700 /* Build configuration list for PBXNativeTarget "pokedex" */ = {
			isa = XCConfigurationList;
			buildConfigurations = (
				163D1D202BFCC15600F82700 /* Debug */,
				163D1D212BFCC15600F82700 /* Release */,
			);
			defaultConfigurationIsVisible = 0;
			defaultConfigurationName = Release;
		};
		163D1D222BFCC15600F82700 /* Build configuration list for PBXNativeTarget "pokedexTests" */ = {
			isa = XCConfigurationList;
			buildConfigurations = (
				163D1D232BFCC15600F82700 /* Debug */,
				163D1D242BFCC15600F82700 /* Release */,
			);
			defaultConfigurationIsVisible = 0;
			defaultConfigurationName = Release;
		};
/* End XCConfigurationList section */

/* Begin XCRemoteSwiftPackageReference section */
		16F1D8592BFCEB5100C61AA8 /* XCRemoteSwiftPackageReference "SDWebImageSwiftUI" */ = {
			isa = XCRemoteSwiftPackageReference;
			repositoryURL = "https://github.com/SDWebImage/SDWebImageSwiftUI.git";
			requirement = {
				kind = upToNextMajorVersion;
				minimumVersion = 3.0.4;
			};
		};
/* End XCRemoteSwiftPackageReference section */

/* Begin XCSwiftPackageProductDependency section */
		163D1D072BFCC15400F82700 /* RealityKitContent */ = {
			isa = XCSwiftPackageProductDependency;
			productName = RealityKitContent;
		};
		16F1D85B2BFCEBD700C61AA8 /* SDWebImageSwiftUI */ = {
			isa = XCSwiftPackageProductDependency;
			package = 16F1D8592BFCEB5100C61AA8 /* XCRemoteSwiftPackageReference "SDWebImageSwiftUI" */;
			productName = SDWebImageSwiftUI;
		};
/* End XCSwiftPackageProductDependency section */
	};
	rootObject = 163D1CFA2BFCC15400F82700 /* Project object */;
}
