// !$*UTF8*$!
{
	archiveVersion = 1;
	classes = {
	};
	objectVersion = 56;
	objects = {

/* Begin PBXBuildFile section */
		00397A11516594D37F25E07E /* Service.swift in Sources */ = {isa = PBXBuildFile; fileRef = C97D33302A92542065EEDEC0 /* Service.swift */; };
		01EBA01796C41E9B1FED9DBB /* DetailBuilder.swift in Sources */ = {isa = PBXBuildFile; fileRef = D52A19C54C3618E0FEB5C29D /* DetailBuilder.swift */; };
		0858A80109C21C00D16A5D08 /* DetailRequest.swift in Sources */ = {isa = PBXBuildFile; fileRef = F6498A4FA9C37AC2D061A6B2 /* DetailRequest.swift */; };
		0DBF33B5D94AD4DEC9D5DDFF /* RequestProvider.swift in Sources */ = {isa = PBXBuildFile; fileRef = A3EA7DE3F4161F3AEACC0F82 /* RequestProvider.swift */; };
		16E5F4912C063C5800DC536D /* HighReliefImage.swift in Sources */ = {isa = PBXBuildFile; fileRef = 16E5F4902C063C5800DC536D /* HighReliefImage.swift */; };
		16E5F4932C063DAC00DC536D /* FeedPokemonCell.swift in Sources */ = {isa = PBXBuildFile; fileRef = 16E5F4922C063DAC00DC536D /* FeedPokemonCell.swift */; };
		16E5F4952C063DE600DC536D /* DetailLeftView.swift in Sources */ = {isa = PBXBuildFile; fileRef = 16E5F4942C063DE600DC536D /* DetailLeftView.swift */; };
		16E5F4972C06458300DC536D /* DetailRightView.swift in Sources */ = {isa = PBXBuildFile; fileRef = 16E5F4962C06458300DC536D /* DetailRightView.swift */; };
		16E5F4A32C06797E00DC536D /* Pokedex3.mlmodel in Sources */ = {isa = PBXBuildFile; fileRef = 16E5F4A22C06797E00DC536D /* Pokedex3.mlmodel */; };
		1AD1DAC171937FDCC01EFC95 /* Assets.xcassets in Resources */ = {isa = PBXBuildFile; fileRef = 1A3B8D66A538B841492AB38C /* Assets.xcassets */; };
		1BA56FA3F9C46C6D6777D03E /* RequestProtocol.swift in Sources */ = {isa = PBXBuildFile; fileRef = 7BA28C1AE9B64E1DA929F2AE /* RequestProtocol.swift */; };
		1C9CD0F945E20F32DE106B6C /* AverageColor.swift in Sources */ = {isa = PBXBuildFile; fileRef = 6C956237D7654FD1EDA4DFF8 /* AverageColor.swift */; };
		202CF60EDDB1B866FA80B204 /* CustomFont.swift in Sources */ = {isa = PBXBuildFile; fileRef = 76A5D9D85DFE1BA2ACB36EA1 /* CustomFont.swift */; };
		2066A626A75906EE1648020C /* fontawesome-solid.otf in Resources */ = {isa = PBXBuildFile; fileRef = 838DE3BE8F6359FBAED29B15 /* fontawesome-solid.otf */; };
		2D64F38B53B609763E0B78AF /* DetailView.swift in Sources */ = {isa = PBXBuildFile; fileRef = 575B3CE8F32DFB9EF363F703 /* DetailView.swift */; };
		2FD65B6E5DE8D5CEB3368731 /* FeedViewModel.swift in Sources */ = {isa = PBXBuildFile; fileRef = 0A976546D3AF9B434D533392 /* FeedViewModel.swift */; };
		47203DC2C643000C5648A268 /* DetailViewModel.swift in Sources */ = {isa = PBXBuildFile; fileRef = 5E22D590ACA5C14EC44143B1 /* DetailViewModel.swift */; };
		52497F2F3D638D7E5932BA3D /* DetailModel.swift in Sources */ = {isa = PBXBuildFile; fileRef = C69D8A24529FAE16737727AA /* DetailModel.swift */; };
		57FB3B3EAA0085B51BA51BC9 /* ServiceProtocol.swift in Sources */ = {isa = PBXBuildFile; fileRef = 8DF0E1245977827DAA19262A /* ServiceProtocol.swift */; };
		5E14DBFB45C86852CFF7C1CF /* DetailResponse.swift in Sources */ = {isa = PBXBuildFile; fileRef = 1102C42A60381383FBF8D98D /* DetailResponse.swift */; };
		61284BC1AC0C2B7B34C81827 /* Preview Assets.xcassets in Resources */ = {isa = PBXBuildFile; fileRef = EF4DB3BFF9797C9FB65AC623 /* Preview Assets.xcassets */; };
		816FAFA689264F435C83219C /* FeedView.swift in Sources */ = {isa = PBXBuildFile; fileRef = 75CFA05B4960748B453603D9 /* FeedView.swift */; };
		8ABFE6B006BFE0FB393ADE44 /* RequestError.swift in Sources */ = {isa = PBXBuildFile; fileRef = F33FC490A30AEA147732E1B0 /* RequestError.swift */; };
		92FEF72C2A347299B03FD001 /* AppCoordinator.swift in Sources */ = {isa = PBXBuildFile; fileRef = 670103E9AA60B094AB9AB201 /* AppCoordinator.swift */; };
		96501884C8C6AFC1E4AB2EE7 /* FeedResponse.swift in Sources */ = {isa = PBXBuildFile; fileRef = D2D2A0520A16F6E89AD52E04 /* FeedResponse.swift */; };
		A589CCBE6C589CE41686495A /* FeedRequest.swift in Sources */ = {isa = PBXBuildFile; fileRef = 3443BB5BC5075251082B2B7F /* FeedRequest.swift */; };
		B09044356637969C49765806 /* AppDelegate.swift in Sources */ = {isa = PBXBuildFile; fileRef = 70AD3D70F9F2DBC64B8B21B6 /* AppDelegate.swift */; };
		C83B7E350632465DEF916FAE /* FeedModel.swift in Sources */ = {isa = PBXBuildFile; fileRef = 37CF40DD4877B4DB1CAB5176 /* FeedModel.swift */; };
		CE2549FDD85313C89923694B /* SDWebImageSwiftUI in Frameworks */ = {isa = PBXBuildFile; productRef = B7522973C5728D221E175934 /* SDWebImageSwiftUI */; };
		D11F1A2DD3E64C58CA69B398 /* SceneDelegate.swift in Sources */ = {isa = PBXBuildFile; fileRef = BC79E045F031762702073DE4 /* SceneDelegate.swift */; };
		DC758EA216D5B0C41563684A /* HttpVerb.swift in Sources */ = {isa = PBXBuildFile; fileRef = 7201B01222AEDC5F65222303 /* HttpVerb.swift */; };
		E4B0963B35AEDA40B2EA4144 /* FeedBuilder.swift in Sources */ = {isa = PBXBuildFile; fileRef = 9BFECE76FE4EE1746F6B264E /* FeedBuilder.swift */; };
		F52801E6685A234D716059ED /* BuilderProtocol.swift in Sources */ = {isa = PBXBuildFile; fileRef = 5561C97B34896A1840EE0A9B /* BuilderProtocol.swift */; };
/* End PBXBuildFile section */

/* Begin PBXFileReference section */
		0A976546D3AF9B434D533392 /* FeedViewModel.swift */ = {isa = PBXFileReference; lastKnownFileType = sourcecode.swift; path = FeedViewModel.swift; sourceTree = "<group>"; };
		1102C42A60381383FBF8D98D /* DetailResponse.swift */ = {isa = PBXFileReference; lastKnownFileType = sourcecode.swift; path = DetailResponse.swift; sourceTree = "<group>"; };
		16E5F4902C063C5800DC536D /* HighReliefImage.swift */ = {isa = PBXFileReference; lastKnownFileType = sourcecode.swift; name = HighReliefImage.swift; path = pokedex/Components/HighReliefImage.swift; sourceTree = SOURCE_ROOT; };
		16E5F4922C063DAC00DC536D /* FeedPokemonCell.swift */ = {isa = PBXFileReference; lastKnownFileType = sourcecode.swift; name = FeedPokemonCell.swift; path = pokedex/Scenes/Feed/FeedPokemonCell.swift; sourceTree = SOURCE_ROOT; };
		16E5F4942C063DE600DC536D /* DetailLeftView.swift */ = {isa = PBXFileReference; lastKnownFileType = sourcecode.swift; name = DetailLeftView.swift; path = pokedex/Scenes/Detail/DetailLeftView.swift; sourceTree = SOURCE_ROOT; };
		16E5F4962C06458300DC536D /* DetailRightView.swift */ = {isa = PBXFileReference; lastKnownFileType = sourcecode.swift; name = DetailRightView.swift; path = pokedex/Scenes/Detail/DetailRightView.swift; sourceTree = SOURCE_ROOT; };
		16E5F4A22C06797E00DC536D /* Pokedex3.mlmodel */ = {isa = PBXFileReference; lastKnownFileType = file.mlmodel; path = Pokedex3.mlmodel; sourceTree = "<group>"; };
		1A3B8D66A538B841492AB38C /* Assets.xcassets */ = {isa = PBXFileReference; lastKnownFileType = folder.assetcatalog; path = Assets.xcassets; sourceTree = "<group>"; };
		232BDFE5DBA68B07E07B5C18 /* Pokedex.app */ = {isa = PBXFileReference; explicitFileType = wrapper.application; includeInIndex = 0; path = Pokedex.app; sourceTree = BUILT_PRODUCTS_DIR; };
		3443BB5BC5075251082B2B7F /* FeedRequest.swift */ = {isa = PBXFileReference; lastKnownFileType = sourcecode.swift; path = FeedRequest.swift; sourceTree = "<group>"; };
		37CF40DD4877B4DB1CAB5176 /* FeedModel.swift */ = {isa = PBXFileReference; lastKnownFileType = sourcecode.swift; path = FeedModel.swift; sourceTree = "<group>"; };
		5561C97B34896A1840EE0A9B /* BuilderProtocol.swift */ = {isa = PBXFileReference; lastKnownFileType = sourcecode.swift; path = BuilderProtocol.swift; sourceTree = "<group>"; };
		575B3CE8F32DFB9EF363F703 /* DetailView.swift */ = {isa = PBXFileReference; lastKnownFileType = sourcecode.swift; path = DetailView.swift; sourceTree = "<group>"; };
		5E22D590ACA5C14EC44143B1 /* DetailViewModel.swift */ = {isa = PBXFileReference; lastKnownFileType = sourcecode.swift; path = DetailViewModel.swift; sourceTree = "<group>"; };
		670103E9AA60B094AB9AB201 /* AppCoordinator.swift */ = {isa = PBXFileReference; lastKnownFileType = sourcecode.swift; path = AppCoordinator.swift; sourceTree = "<group>"; };
		6C956237D7654FD1EDA4DFF8 /* AverageColor.swift */ = {isa = PBXFileReference; lastKnownFileType = sourcecode.swift; path = AverageColor.swift; sourceTree = "<group>"; };
		70AD3D70F9F2DBC64B8B21B6 /* AppDelegate.swift */ = {isa = PBXFileReference; lastKnownFileType = sourcecode.swift; path = AppDelegate.swift; sourceTree = "<group>"; };
		7201B01222AEDC5F65222303 /* HttpVerb.swift */ = {isa = PBXFileReference; lastKnownFileType = sourcecode.swift; path = HttpVerb.swift; sourceTree = "<group>"; };
		75CFA05B4960748B453603D9 /* FeedView.swift */ = {isa = PBXFileReference; lastKnownFileType = sourcecode.swift; path = FeedView.swift; sourceTree = "<group>"; };
		768112ADAA5170E9C28B0DA9 /* Info.plist */ = {isa = PBXFileReference; lastKnownFileType = text.plist; path = Info.plist; sourceTree = "<group>"; };
		76A5D9D85DFE1BA2ACB36EA1 /* CustomFont.swift */ = {isa = PBXFileReference; lastKnownFileType = sourcecode.swift; path = CustomFont.swift; sourceTree = "<group>"; };
		7BA28C1AE9B64E1DA929F2AE /* RequestProtocol.swift */ = {isa = PBXFileReference; lastKnownFileType = sourcecode.swift; path = RequestProtocol.swift; sourceTree = "<group>"; };
		838DE3BE8F6359FBAED29B15 /* fontawesome-solid.otf */ = {isa = PBXFileReference; lastKnownFileType = file; path = "fontawesome-solid.otf"; sourceTree = "<group>"; };
		8DF0E1245977827DAA19262A /* ServiceProtocol.swift */ = {isa = PBXFileReference; lastKnownFileType = sourcecode.swift; path = ServiceProtocol.swift; sourceTree = "<group>"; };
		9BFECE76FE4EE1746F6B264E /* FeedBuilder.swift */ = {isa = PBXFileReference; lastKnownFileType = sourcecode.swift; path = FeedBuilder.swift; sourceTree = "<group>"; };
		A3EA7DE3F4161F3AEACC0F82 /* RequestProvider.swift */ = {isa = PBXFileReference; lastKnownFileType = sourcecode.swift; path = RequestProvider.swift; sourceTree = "<group>"; };
		BC79E045F031762702073DE4 /* SceneDelegate.swift */ = {isa = PBXFileReference; lastKnownFileType = sourcecode.swift; path = SceneDelegate.swift; sourceTree = "<group>"; };
		C69D8A24529FAE16737727AA /* DetailModel.swift */ = {isa = PBXFileReference; lastKnownFileType = sourcecode.swift; path = DetailModel.swift; sourceTree = "<group>"; };
		C97D33302A92542065EEDEC0 /* Service.swift */ = {isa = PBXFileReference; lastKnownFileType = sourcecode.swift; path = Service.swift; sourceTree = "<group>"; };
		D2D2A0520A16F6E89AD52E04 /* FeedResponse.swift */ = {isa = PBXFileReference; lastKnownFileType = sourcecode.swift; path = FeedResponse.swift; sourceTree = "<group>"; };
		D52A19C54C3618E0FEB5C29D /* DetailBuilder.swift */ = {isa = PBXFileReference; lastKnownFileType = sourcecode.swift; path = DetailBuilder.swift; sourceTree = "<group>"; };
		EF4DB3BFF9797C9FB65AC623 /* Preview Assets.xcassets */ = {isa = PBXFileReference; lastKnownFileType = folder.assetcatalog; path = "Preview Assets.xcassets"; sourceTree = "<group>"; };
		F33FC490A30AEA147732E1B0 /* RequestError.swift */ = {isa = PBXFileReference; lastKnownFileType = sourcecode.swift; path = RequestError.swift; sourceTree = "<group>"; };
		F6498A4FA9C37AC2D061A6B2 /* DetailRequest.swift */ = {isa = PBXFileReference; lastKnownFileType = sourcecode.swift; path = DetailRequest.swift; sourceTree = "<group>"; };
/* End PBXFileReference section */

/* Begin PBXFrameworksBuildPhase section */
		1734804CF83B1A5BEAD73B75 /* Frameworks */ = {
			isa = PBXFrameworksBuildPhase;
			buildActionMask = 2147483647;
			files = (
				CE2549FDD85313C89923694B /* SDWebImageSwiftUI in Frameworks */,
			);
			runOnlyForDeploymentPostprocessing = 0;
		};
/* End PBXFrameworksBuildPhase section */

/* Begin PBXGroup section */
		16E5F48F2C063C4C00DC536D /* Components */ = {
			isa = PBXGroup;
			children = (
				16E5F4902C063C5800DC536D /* HighReliefImage.swift */,
			);
			path = Components;
			sourceTree = "<group>";
		};
		24F5BCC72892E44DBEB08994 /* Preview Content */ = {
			isa = PBXGroup;
			children = (
				EF4DB3BFF9797C9FB65AC623 /* Preview Assets.xcassets */,
			);
			path = "Preview Content";
			sourceTree = "<group>";
		};
		25FB8C1AC3442E43006DEB59 /* Network */ = {
			isa = PBXGroup;
			children = (
				5561C97B34896A1840EE0A9B /* BuilderProtocol.swift */,
				7201B01222AEDC5F65222303 /* HttpVerb.swift */,
				F33FC490A30AEA147732E1B0 /* RequestError.swift */,
				7BA28C1AE9B64E1DA929F2AE /* RequestProtocol.swift */,
				A3EA7DE3F4161F3AEACC0F82 /* RequestProvider.swift */,
				C97D33302A92542065EEDEC0 /* Service.swift */,
				8DF0E1245977827DAA19262A /* ServiceProtocol.swift */,
			);
			path = Network;
			sourceTree = "<group>";
		};
		4AE8BA4804312598BCD33DD3 /* Utils */ = {
			isa = PBXGroup;
			children = (
				6C956237D7654FD1EDA4DFF8 /* AverageColor.swift */,
				76A5D9D85DFE1BA2ACB36EA1 /* CustomFont.swift */,
			);
			path = Utils;
			sourceTree = "<group>";
		};
		584B15FB74CF544E5A557B41 /* Pokedex */ = {
			isa = PBXGroup;
			children = (
				16E5F48F2C063C4C00DC536D /* Components */,
				70AD3D70F9F2DBC64B8B21B6 /* AppDelegate.swift */,
				BC79E045F031762702073DE4 /* SceneDelegate.swift */,
				E6AB78C20B82639336FA0E51 /* Coordinator */,
				25FB8C1AC3442E43006DEB59 /* Network */,
				615B16D5530067491880A080 /* Resources */,
				7B09C309459B188EAE391289 /* Scenes */,
				4AE8BA4804312598BCD33DD3 /* Utils */,
			);
			path = Pokedex;
			sourceTree = "<group>";
		};
		601FBDCECFBA5F1F603A257A /* Feed */ = {
			isa = PBXGroup;
			children = (
				9BFECE76FE4EE1746F6B264E /* FeedBuilder.swift */,
				37CF40DD4877B4DB1CAB5176 /* FeedModel.swift */,
				3443BB5BC5075251082B2B7F /* FeedRequest.swift */,
				D2D2A0520A16F6E89AD52E04 /* FeedResponse.swift */,
				75CFA05B4960748B453603D9 /* FeedView.swift */,
				0A976546D3AF9B434D533392 /* FeedViewModel.swift */,
				16E5F4922C063DAC00DC536D /* FeedPokemonCell.swift */,
			);
			path = Feed;
			sourceTree = "<group>";
		};
		615B16D5530067491880A080 /* Resources */ = {
			isa = PBXGroup;
			children = (
				1A3B8D66A538B841492AB38C /* Assets.xcassets */,
				16E5F4A22C06797E00DC536D /* Pokedex3.mlmodel */,
				838DE3BE8F6359FBAED29B15 /* fontawesome-solid.otf */,
				768112ADAA5170E9C28B0DA9 /* Info.plist */,
				24F5BCC72892E44DBEB08994 /* Preview Content */,
			);
			path = Resources;
			sourceTree = "<group>";
		};
		7B09C309459B188EAE391289 /* Scenes */ = {
			isa = PBXGroup;
			children = (
				B1F35A2C42B99010BAC366AB /* Detail */,
				601FBDCECFBA5F1F603A257A /* Feed */,
			);
			path = Scenes;
			sourceTree = "<group>";
		};
		B1F35A2C42B99010BAC366AB /* Detail */ = {
			isa = PBXGroup;
			children = (
				D52A19C54C3618E0FEB5C29D /* DetailBuilder.swift */,
				C69D8A24529FAE16737727AA /* DetailModel.swift */,
				F6498A4FA9C37AC2D061A6B2 /* DetailRequest.swift */,
				1102C42A60381383FBF8D98D /* DetailResponse.swift */,
				575B3CE8F32DFB9EF363F703 /* DetailView.swift */,
				5E22D590ACA5C14EC44143B1 /* DetailViewModel.swift */,
				16E5F4942C063DE600DC536D /* DetailLeftView.swift */,
				16E5F4962C06458300DC536D /* DetailRightView.swift */,
			);
			path = Detail;
			sourceTree = "<group>";
		};
		CA1BFF45485C84F7D868512D = {
			isa = PBXGroup;
			children = (
				584B15FB74CF544E5A557B41 /* Pokedex */,
				CD7879169A7D11E3C86BF4B8 /* Products */,
			);
			sourceTree = "<group>";
		};
		CD7879169A7D11E3C86BF4B8 /* Products */ = {
			isa = PBXGroup;
			children = (
				232BDFE5DBA68B07E07B5C18 /* Pokedex.app */,
			);
			name = Products;
			sourceTree = "<group>";
		};
		E6AB78C20B82639336FA0E51 /* Coordinator */ = {
			isa = PBXGroup;
			children = (
				670103E9AA60B094AB9AB201 /* AppCoordinator.swift */,
			);
			path = Coordinator;
			sourceTree = "<group>";
		};
/* End PBXGroup section */

/* Begin PBXNativeTarget section */
		D8AADF6CAE729A3D698F1F37 /* Pokedex */ = {
			isa = PBXNativeTarget;
			buildConfigurationList = BD8DFB74652680E911DF0378 /* Build configuration list for PBXNativeTarget "Pokedex" */;
			buildPhases = (
				B243032FD35329282E6C881F /* Sources */,
				C3331C60F150C4D13E161725 /* Resources */,
				1734804CF83B1A5BEAD73B75 /* Frameworks */,
			);
			buildRules = (
			);
			dependencies = (
			);
			name = Pokedex;
			packageProductDependencies = (
				B7522973C5728D221E175934 /* SDWebImageSwiftUI */,
			);
			productName = Pokedex;
			productReference = 232BDFE5DBA68B07E07B5C18 /* Pokedex.app */;
			productType = "com.apple.product-type.application";
		};
/* End PBXNativeTarget section */

/* Begin PBXProject section */
		06510187501688BCA6CB4E60 /* Project object */ = {
			isa = PBXProject;
			attributes = {
				BuildIndependentTargetsInParallel = YES;
				LastUpgradeCheck = 1430;
			};
			buildConfigurationList = 9939347F5639D6C0831D9968 /* Build configuration list for PBXProject "pokedex" */;
			compatibilityVersion = "Xcode 14.0";
			developmentRegion = en;
			hasScannedForEncodings = 0;
			knownRegions = (
				Base,
				en,
			);
			mainGroup = CA1BFF45485C84F7D868512D;
			packageReferences = (
				8880DFD9CBD4ADBB9D8C0934 /* XCRemoteSwiftPackageReference "SDWebImageSwiftUI" */,
			);
			projectDirPath = "";
			projectRoot = "";
			targets = (
				D8AADF6CAE729A3D698F1F37 /* Pokedex */,
			);
		};
/* End PBXProject section */

/* Begin PBXResourcesBuildPhase section */
		C3331C60F150C4D13E161725 /* Resources */ = {
			isa = PBXResourcesBuildPhase;
			buildActionMask = 2147483647;
			files = (
				1AD1DAC171937FDCC01EFC95 /* Assets.xcassets in Resources */,
				61284BC1AC0C2B7B34C81827 /* Preview Assets.xcassets in Resources */,
				2066A626A75906EE1648020C /* fontawesome-solid.otf in Resources */,
			);
			runOnlyForDeploymentPostprocessing = 0;
		};
/* End PBXResourcesBuildPhase section */

/* Begin PBXSourcesBuildPhase section */
		B243032FD35329282E6C881F /* Sources */ = {
			isa = PBXSourcesBuildPhase;
			buildActionMask = 2147483647;
			files = (
				92FEF72C2A347299B03FD001 /* AppCoordinator.swift in Sources */,
				B09044356637969C49765806 /* AppDelegate.swift in Sources */,
				1C9CD0F945E20F32DE106B6C /* AverageColor.swift in Sources */,
				F52801E6685A234D716059ED /* BuilderProtocol.swift in Sources */,
				202CF60EDDB1B866FA80B204 /* CustomFont.swift in Sources */,
				01EBA01796C41E9B1FED9DBB /* DetailBuilder.swift in Sources */,
				16E5F4932C063DAC00DC536D /* FeedPokemonCell.swift in Sources */,
				52497F2F3D638D7E5932BA3D /* DetailModel.swift in Sources */,
				0858A80109C21C00D16A5D08 /* DetailRequest.swift in Sources */,
				5E14DBFB45C86852CFF7C1CF /* DetailResponse.swift in Sources */,
				2D64F38B53B609763E0B78AF /* DetailView.swift in Sources */,
				47203DC2C643000C5648A268 /* DetailViewModel.swift in Sources */,
				E4B0963B35AEDA40B2EA4144 /* FeedBuilder.swift in Sources */,
				16E5F4972C06458300DC536D /* DetailRightView.swift in Sources */,
				C83B7E350632465DEF916FAE /* FeedModel.swift in Sources */,
				A589CCBE6C589CE41686495A /* FeedRequest.swift in Sources */,
				96501884C8C6AFC1E4AB2EE7 /* FeedResponse.swift in Sources */,
				816FAFA689264F435C83219C /* FeedView.swift in Sources */,
				16E5F4912C063C5800DC536D /* HighReliefImage.swift in Sources */,
				2FD65B6E5DE8D5CEB3368731 /* FeedViewModel.swift in Sources */,
				DC758EA216D5B0C41563684A /* HttpVerb.swift in Sources */,
				8ABFE6B006BFE0FB393ADE44 /* RequestError.swift in Sources */,
				1BA56FA3F9C46C6D6777D03E /* RequestProtocol.swift in Sources */,
				0DBF33B5D94AD4DEC9D5DDFF /* RequestProvider.swift in Sources */,
				16E5F4A32C06797E00DC536D /* Pokedex3.mlmodel in Sources */,
				16E5F4952C063DE600DC536D /* DetailLeftView.swift in Sources */,
				D11F1A2DD3E64C58CA69B398 /* SceneDelegate.swift in Sources */,
				00397A11516594D37F25E07E /* Service.swift in Sources */,
				57FB3B3EAA0085B51BA51BC9 /* ServiceProtocol.swift in Sources */,
			);
			runOnlyForDeploymentPostprocessing = 0;
		};
/* End PBXSourcesBuildPhase section */

/* Begin XCBuildConfiguration section */
		0B8EE91984B1D5B6BB33A663 /* Debug */ = {
			isa = XCBuildConfiguration;
			buildSettings = {
				ALWAYS_SEARCH_USER_PATHS = NO;
				CLANG_ANALYZER_NONNULL = YES;
				CLANG_ANALYZER_NUMBER_OBJECT_CONVERSION = YES_AGGRESSIVE;
				CLANG_CXX_LANGUAGE_STANDARD = "gnu++14";
				CLANG_CXX_LIBRARY = "libc++";
				CLANG_ENABLE_MODULES = YES;
				CLANG_ENABLE_OBJC_ARC = YES;
				CLANG_ENABLE_OBJC_WEAK = YES;
				CLANG_WARN_BLOCK_CAPTURE_AUTORELEASING = YES;
				CLANG_WARN_BOOL_CONVERSION = YES;
				CLANG_WARN_COMMA = YES;
				CLANG_WARN_CONSTANT_CONVERSION = YES;
				CLANG_WARN_DEPRECATED_OBJC_IMPLEMENTATIONS = YES;
				CLANG_WARN_DIRECT_OBJC_ISA_USAGE = YES_ERROR;
				CLANG_WARN_DOCUMENTATION_COMMENTS = YES;
				CLANG_WARN_EMPTY_BODY = YES;
				CLANG_WARN_ENUM_CONVERSION = YES;
				CLANG_WARN_INFINITE_RECURSION = YES;
				CLANG_WARN_INT_CONVERSION = YES;
				CLANG_WARN_NON_LITERAL_NULL_CONVERSION = YES;
				CLANG_WARN_OBJC_IMPLICIT_RETAIN_SELF = YES;
				CLANG_WARN_OBJC_LITERAL_CONVERSION = YES;
				CLANG_WARN_OBJC_ROOT_CLASS = YES_ERROR;
				CLANG_WARN_QUOTED_INCLUDE_IN_FRAMEWORK_HEADER = YES;
				CLANG_WARN_RANGE_LOOP_ANALYSIS = YES;
				CLANG_WARN_STRICT_PROTOTYPES = YES;
				CLANG_WARN_SUSPICIOUS_MOVE = YES;
				CLANG_WARN_UNGUARDED_AVAILABILITY = YES_AGGRESSIVE;
				CLANG_WARN_UNREACHABLE_CODE = YES;
				CLANG_WARN__DUPLICATE_METHOD_MATCH = YES;
				COPY_PHASE_STRIP = NO;
				DEBUG_INFORMATION_FORMAT = dwarf;
				ENABLE_STRICT_OBJC_MSGSEND = YES;
				ENABLE_TESTABILITY = YES;
				GCC_C_LANGUAGE_STANDARD = gnu11;
				GCC_DYNAMIC_NO_PIC = NO;
				GCC_NO_COMMON_BLOCKS = YES;
				GCC_OPTIMIZATION_LEVEL = 0;
				GCC_PREPROCESSOR_DEFINITIONS = (
					"$(inherited)",
					"DEBUG=1",
				);
				GCC_WARN_64_TO_32_BIT_CONVERSION = YES;
				GCC_WARN_ABOUT_RETURN_TYPE = YES_ERROR;
				GCC_WARN_UNDECLARED_SELECTOR = YES;
				GCC_WARN_UNINITIALIZED_AUTOS = YES_AGGRESSIVE;
				GCC_WARN_UNUSED_FUNCTION = YES;
				GCC_WARN_UNUSED_VARIABLE = YES;
				MTL_ENABLE_DEBUG_INFO = INCLUDE_SOURCE;
				MTL_FAST_MATH = YES;
				ONLY_ACTIVE_ARCH = YES;
				PRODUCT_NAME = "$(TARGET_NAME)";
				SDKROOT = xros;
				SWIFT_ACTIVE_COMPILATION_CONDITIONS = DEBUG;
				SWIFT_OPTIMIZATION_LEVEL = "-Onone";
				SWIFT_VERSION = 5.0;
			};
			name = Debug;
		};
		2B46A2117B15EAD05A9FCB86 /* Debug */ = {
			isa = XCBuildConfiguration;
			buildSettings = {
				ASSETCATALOG_COMPILER_APPICON_NAME = AppIcon;
				DEVELOPMENT_TEAM = XJ3PM54JPR;
				INFOPLIST_FILE = Pokedex/Resources/Info.plist;
				LD_RUNPATH_SEARCH_PATHS = (
					"$(inherited)",
					"@executable_path/Frameworks",
				);
				PRODUCT_BUNDLE_IDENTIFIER = com.pokedex.helio;
				SDKROOT = xros;
				SUPPORTED_PLATFORMS = "iphoneos iphonesimulator xros xrsimulator";
				SUPPORTS_MACCATALYST = NO;
				TARGETED_DEVICE_FAMILY = "1,2,7";
			};
			name = Debug;
		};
		69B428B6D7B86E393757ED92 /* Release */ = {
			isa = XCBuildConfiguration;
			buildSettings = {
				ASSETCATALOG_COMPILER_APPICON_NAME = AppIcon;
				DEVELOPMENT_TEAM = XJ3PM54JPR;
				INFOPLIST_FILE = Pokedex/Resources/Info.plist;
				LD_RUNPATH_SEARCH_PATHS = (
					"$(inherited)",
					"@executable_path/Frameworks",
				);
				PRODUCT_BUNDLE_IDENTIFIER = com.pokedex.helio;
				SDKROOT = xros;
				SUPPORTED_PLATFORMS = "iphoneos iphonesimulator xros xrsimulator";
				SUPPORTS_MACCATALYST = NO;
				TARGETED_DEVICE_FAMILY = "1,2,7";
			};
			name = Release;
		};
		90E8D1A4DC0C98F2F6F204B3 /* Release */ = {
			isa = XCBuildConfiguration;
			buildSettings = {
				ALWAYS_SEARCH_USER_PATHS = NO;
				CLANG_ANALYZER_NONNULL = YES;
				CLANG_ANALYZER_NUMBER_OBJECT_CONVERSION = YES_AGGRESSIVE;
				CLANG_CXX_LANGUAGE_STANDARD = "gnu++14";
				CLANG_CXX_LIBRARY = "libc++";
				CLANG_ENABLE_MODULES = YES;
				CLANG_ENABLE_OBJC_ARC = YES;
				CLANG_ENABLE_OBJC_WEAK = YES;
				CLANG_WARN_BLOCK_CAPTURE_AUTORELEASING = YES;
				CLANG_WARN_BOOL_CONVERSION = YES;
				CLANG_WARN_COMMA = YES;
				CLANG_WARN_CONSTANT_CONVERSION = YES;
				CLANG_WARN_DEPRECATED_OBJC_IMPLEMENTATIONS = YES;
				CLANG_WARN_DIRECT_OBJC_ISA_USAGE = YES_ERROR;
				CLANG_WARN_DOCUMENTATION_COMMENTS = YES;
				CLANG_WARN_EMPTY_BODY = YES;
				CLANG_WARN_ENUM_CONVERSION = YES;
				CLANG_WARN_INFINITE_RECURSION = YES;
				CLANG_WARN_INT_CONVERSION = YES;
				CLANG_WARN_NON_LITERAL_NULL_CONVERSION = YES;
				CLANG_WARN_OBJC_IMPLICIT_RETAIN_SELF = YES;
				CLANG_WARN_OBJC_LITERAL_CONVERSION = YES;
				CLANG_WARN_OBJC_ROOT_CLASS = YES_ERROR;
				CLANG_WARN_QUOTED_INCLUDE_IN_FRAMEWORK_HEADER = YES;
				CLANG_WARN_RANGE_LOOP_ANALYSIS = YES;
				CLANG_WARN_STRICT_PROTOTYPES = YES;
				CLANG_WARN_SUSPICIOUS_MOVE = YES;
				CLANG_WARN_UNGUARDED_AVAILABILITY = YES_AGGRESSIVE;
				CLANG_WARN_UNREACHABLE_CODE = YES;
				CLANG_WARN__DUPLICATE_METHOD_MATCH = YES;
				COPY_PHASE_STRIP = NO;
				DEBUG_INFORMATION_FORMAT = "dwarf-with-dsym";
				ENABLE_NS_ASSERTIONS = NO;
				ENABLE_STRICT_OBJC_MSGSEND = YES;
				GCC_C_LANGUAGE_STANDARD = gnu11;
				GCC_NO_COMMON_BLOCKS = YES;
				GCC_WARN_64_TO_32_BIT_CONVERSION = YES;
				GCC_WARN_ABOUT_RETURN_TYPE = YES_ERROR;
				GCC_WARN_UNDECLARED_SELECTOR = YES;
				GCC_WARN_UNINITIALIZED_AUTOS = YES_AGGRESSIVE;
				GCC_WARN_UNUSED_FUNCTION = YES;
				GCC_WARN_UNUSED_VARIABLE = YES;
				MTL_ENABLE_DEBUG_INFO = NO;
				MTL_FAST_MATH = YES;
				PRODUCT_NAME = "$(TARGET_NAME)";
				SDKROOT = xros;
				SWIFT_COMPILATION_MODE = wholemodule;
				SWIFT_OPTIMIZATION_LEVEL = "-O";
				SWIFT_VERSION = 5.0;
			};
			name = Release;
		};
/* End XCBuildConfiguration section */

/* Begin XCConfigurationList section */
		9939347F5639D6C0831D9968 /* Build configuration list for PBXProject "pokedex" */ = {
			isa = XCConfigurationList;
			buildConfigurations = (
				0B8EE91984B1D5B6BB33A663 /* Debug */,
				90E8D1A4DC0C98F2F6F204B3 /* Release */,
			);
			defaultConfigurationIsVisible = 0;
			defaultConfigurationName = Debug;
		};
		BD8DFB74652680E911DF0378 /* Build configuration list for PBXNativeTarget "Pokedex" */ = {
			isa = XCConfigurationList;
			buildConfigurations = (
				2B46A2117B15EAD05A9FCB86 /* Debug */,
				69B428B6D7B86E393757ED92 /* Release */,
			);
			defaultConfigurationIsVisible = 0;
			defaultConfigurationName = Debug;
		};
/* End XCConfigurationList section */

/* Begin XCRemoteSwiftPackageReference section */
		8880DFD9CBD4ADBB9D8C0934 /* XCRemoteSwiftPackageReference "SDWebImageSwiftUI" */ = {
			isa = XCRemoteSwiftPackageReference;
			repositoryURL = "https://github.com/SDWebImage/SDWebImageSwiftUI.git";
			requirement = {
				kind = upToNextMajorVersion;
				minimumVersion = 3.0.0;
			};
		};
/* End XCRemoteSwiftPackageReference section */

/* Begin XCSwiftPackageProductDependency section */
		B7522973C5728D221E175934 /* SDWebImageSwiftUI */ = {
			isa = XCSwiftPackageProductDependency;
			package = 8880DFD9CBD4ADBB9D8C0934 /* XCRemoteSwiftPackageReference "SDWebImageSwiftUI" */;
			productName = SDWebImageSwiftUI;
		};
/* End XCSwiftPackageProductDependency section */
	};
	rootObject = 06510187501688BCA6CB4E60 /* Project object */;
}
